<?xml version="1.0" encoding="utf-8"?>
<Project ToolsVersion="4.0" xmlns="http://schemas.microsoft.com/developer/msbuild/2003">
  <ItemGroup>
    <Filter Include="ソース ファイル">
      <UniqueIdentifier>{4FC737F1-C7A5-4376-A066-2A32D752A2FF}</UniqueIdentifier>
      <Extensions>cpp;c;cc;cxx;c++;cppm;ixx;def;odl;idl;hpj;bat;asm;asmx</Extensions>
    </Filter>
    <Filter Include="ヘッダー ファイル">
      <UniqueIdentifier>{93995380-89BD-4b04-88EB-625FBE52EBFB}</UniqueIdentifier>
      <Extensions>h;hh;hpp;hxx;h++;hm;inl;inc;ipp;xsd</Extensions>
    </Filter>
    <Filter Include="リソース ファイル">
      <UniqueIdentifier>{67DA6AB6-F800-4c08-8B7A-83BB121AAD01}</UniqueIdentifier>
      <Extensions>rc;ico;cur;bmp;dlg;rc2;rct;bin;rgs;gif;jpg;jpeg;jpe;resx;tiff;tif;png;wav;mfcribbon-ms</Extensions>
    </Filter>
    <Filter Include="vst3">
      <UniqueIdentifier>{03553c49-f158-40fd-a55e-ab719bada743}</UniqueIdentifier>
    </Filter>
  </ItemGroup>
  <ItemGroup>
    <ClInclude Include="framework.h">
      <Filter>ヘッダー ファイル</Filter>
    </ClInclude>
    <ClInclude Include="pch.h">
      <Filter>ヘッダー ファイル</Filter>
    </ClInclude>
    <ClInclude Include="NoteMessage.h">
      <Filter>ヘッダー ファイル</Filter>
    </ClInclude>
    <ClInclude Include="MXVSTInstrument.h">
      <Filter>ヘッダー ファイル</Filter>
    </ClInclude>
    <ClInclude Include="MXVSTStream.h">
      <Filter>ヘッダー ファイル</Filter>
    </ClInclude>
    <ClInclude Include="MXVSTOperator.h">
      <Filter>ヘッダー ファイル</Filter>
    </ClInclude>
    <ClInclude Include="EasyVstCustom.h">
      <Filter>ヘッダー ファイル</Filter>
    </ClInclude>
    <ClInclude Include="strconv.h">
      <Filter>ヘッダー ファイル</Filter>
    </ClInclude>
    <ClInclude Include="MXStereoBuffer.h">
      <Filter>ヘッダー ファイル</Filter>
    </ClInclude>
    <ClInclude Include="ThreadCommand.h">
      <Filter>ヘッダー ファイル</Filter>
    </ClInclude>
    <ClInclude Include="timeinfo.h">
      <Filter>ヘッダー ファイル</Filter>
    </ClInclude>
  </ItemGroup>
  <ItemGroup>
    <ClCompile Include="dllmain.cpp">
      <Filter>ソース ファイル</Filter>
    </ClCompile>
    <ClCompile Include="pch.cpp">
      <Filter>ソース ファイル</Filter>
    </ClCompile>
    <ClCompile Include="MXLIB02Java.cpp">
      <Filter>ソース ファイル</Filter>
    </ClCompile>
    <ClCompile Include="NoteMessage.cpp">
      <Filter>ソース ファイル</Filter>
    </ClCompile>
    <ClCompile Include="MXVSTInstrument.cpp">
      <Filter>ソース ファイル</Filter>
    </ClCompile>
    <ClCompile Include="MXVSTStream.cpp">
      <Filter>ソース ファイル</Filter>
    </ClCompile>
    <ClCompile Include="MXVSTOperator.cpp">
      <Filter>ソース ファイル</Filter>
    </ClCompile>
    <ClCompile Include="EasyVstCustom.cpp">
      <Filter>ソース ファイル</Filter>
    </ClCompile>
    <ClCompile Include="..\VST_SDK\vst3sdk\public.sdk\source\vst\hosting\connectionproxy.cpp">
      <Filter>vst3</Filter>
    </ClCompile>
    <ClCompile Include="..\VST_SDK\vst3sdk\public.sdk\source\vst\hosting\eventlist.cpp">
      <Filter>vst3</Filter>
    </ClCompile>
    <ClCompile Include="..\VST_SDK\vst3sdk\public.sdk\source\vst\hosting\hostclasses.cpp">
      <Filter>vst3</Filter>
    </ClCompile>
    <ClCompile Include="..\VST_SDK\vst3sdk\public.sdk\source\vst\hosting\module.cpp">
      <Filter>vst3</Filter>
    </ClCompile>
    <ClCompile Include="..\VST_SDK\vst3sdk\public.sdk\source\vst\hosting\module_win32.cpp">
      <Filter>vst3</Filter>
    </ClCompile>
    <ClCompile Include="..\VST_SDK\vst3sdk\public.sdk\source\vst\hosting\parameterchanges.cpp">
      <Filter>vst3</Filter>
    </ClCompile>
    <ClCompile Include="..\VST_SDK\vst3sdk\public.sdk\source\vst\hosting\pluginterfacesupport.cpp">
      <Filter>vst3</Filter>
    </ClCompile>
    <ClCompile Include="..\VST_SDK\vst3sdk\public.sdk\source\vst\hosting\plugprovider.cpp">
      <Filter>vst3</Filter>
    </ClCompile>
    <ClCompile Include="..\VST_SDK\vst3sdk\public.sdk\source\vst\hosting\processdata.cpp">
      <Filter>vst3</Filter>
    </ClCompile>
    <ClCompile Include="MXSteteoBuffer.cpp">
      <Filter>ソース ファイル</Filter>
    </ClCompile>
    <ClCompile Include="ThreadCommand.cpp">
      <Filter>ソース ファイル</Filter>
    </ClCompile>
  </ItemGroup>
</Project>