
Microsoft Visual Studio Solution File, Format Version 12.00
# Visual Studio Version 17
VisualStudioVersion = 17.4.33205.214
MinimumVisualStudioVersion = 10.0.40219.1
Project("{8BC9CEB8-8B4A-11D0-8D11-00A0C91BC942}") = "MXLIB01", "MXLIB01.vcxproj", "{4C1E6C64-55B9-4F3A-B053-612E7F34C0BE}"
EndProject
Project("{8BC9CEB8-8B4A-11D0-8D11-00A0C91BC942}") = "MXLIB02", "..\MXLIB02\MXLIB02.vcxproj", "{43D867A2-A3E5-43DD-B1BD-262930AB9956}"
EndProject
Project("{8BC9CEB8-8B4A-11D0-8D11-00A0C91BC942}") = "portaudio_static", "..\portaudio_build\portaudio_static.vcxproj", "{A25B8705-5642-32EF-9D95-46394C853B89}"
EndProject
Project("{8BC9CEB8-8B4A-11D0-8D11-00A0C91BC942}") = "MXLIB03", "..\MXLIB03\MXLIB03.vcxproj", "{844526C0-D9DB-4FB7-A2A3-B1B357C97B2B}"
EndProject
Global
	GlobalSection(SolutionConfigurationPlatforms) = preSolution
		Debug|ARM = Debug|ARM
		Debug|ARM64 = Debug|ARM64
		Debug|x64 = Debug|x64
		Debug|x86 = Debug|x86
		MinSizeRel|ARM = MinSizeRel|ARM
		MinSizeRel|ARM64 = MinSizeRel|ARM64
		MinSizeRel|x64 = MinSizeRel|x64
		MinSizeRel|x86 = MinSizeRel|x86
		Release|ARM = Release|ARM
		Release|ARM64 = Release|ARM64
		Release|x64 = Release|x64
		Release|x86 = Release|x86
		ReleaseMinDependency|ARM = ReleaseMinDependency|ARM
		ReleaseMinDependency|ARM64 = ReleaseMinDependency|ARM64
		ReleaseMinDependency|x64 = ReleaseMinDependency|x64
		ReleaseMinDependency|x86 = ReleaseMinDependency|x86
		RelWithDebInfo|ARM = RelWithDebInfo|ARM
		RelWithDebInfo|ARM64 = RelWithDebInfo|ARM64
		RelWithDebInfo|x64 = RelWithDebInfo|x64
		RelWithDebInfo|x86 = RelWithDebInfo|x86
	EndGlobalSection
	GlobalSection(ProjectConfigurationPlatforms) = postSolution
		{4C1E6C64-55B9-4F3A-B053-612E7F34C0BE}.Debug|ARM.ActiveCfg = Debug|x64
		{4C1E6C64-55B9-4F3A-B053-612E7F34C0BE}.Debug|ARM.Build.0 = Debug|x64
		{4C1E6C64-55B9-4F3A-B053-612E7F34C0BE}.Debug|ARM64.ActiveCfg = Debug|x64
		{4C1E6C64-55B9-4F3A-B053-612E7F34C0BE}.Debug|ARM64.Build.0 = Debug|x64
		{4C1E6C64-55B9-4F3A-B053-612E7F34C0BE}.Debug|x64.ActiveCfg = Release|x64
		{4C1E6C64-55B9-4F3A-B053-612E7F34C0BE}.Debug|x64.Build.0 = Release|x64
		{4C1E6C64-55B9-4F3A-B053-612E7F34C0BE}.Debug|x86.ActiveCfg = Debug|Win32
		{4C1E6C64-55B9-4F3A-B053-612E7F34C0BE}.Debug|x86.Build.0 = Debug|Win32
		{4C1E6C64-55B9-4F3A-B053-612E7F34C0BE}.MinSizeRel|ARM.ActiveCfg = Release|x64
		{4C1E6C64-55B9-4F3A-B053-612E7F34C0BE}.MinSizeRel|ARM.Build.0 = Release|x64
		{4C1E6C64-55B9-4F3A-B053-612E7F34C0BE}.MinSizeRel|ARM64.ActiveCfg = Release|x64
		{4C1E6C64-55B9-4F3A-B053-612E7F34C0BE}.MinSizeRel|ARM64.Build.0 = Release|x64
		{4C1E6C64-55B9-4F3A-B053-612E7F34C0BE}.MinSizeRel|x64.ActiveCfg = Release|x64
		{4C1E6C64-55B9-4F3A-B053-612E7F34C0BE}.MinSizeRel|x64.Build.0 = Release|x64
		{4C1E6C64-55B9-4F3A-B053-612E7F34C0BE}.MinSizeRel|x86.ActiveCfg = Release|Win32
		{4C1E6C64-55B9-4F3A-B053-612E7F34C0BE}.MinSizeRel|x86.Build.0 = Release|Win32
		{4C1E6C64-55B9-4F3A-B053-612E7F34C0BE}.Release|ARM.ActiveCfg = Release|x64
		{4C1E6C64-55B9-4F3A-B053-612E7F34C0BE}.Release|ARM.Build.0 = Release|x64
		{4C1E6C64-55B9-4F3A-B053-612E7F34C0BE}.Release|ARM64.ActiveCfg = Release|x64
		{4C1E6C64-55B9-4F3A-B053-612E7F34C0BE}.Release|ARM64.Build.0 = Release|x64
		{4C1E6C64-55B9-4F3A-B053-612E7F34C0BE}.Release|x64.ActiveCfg = Release|x64
		{4C1E6C64-55B9-4F3A-B053-612E7F34C0BE}.Release|x64.Build.0 = Release|x64
		{4C1E6C64-55B9-4F3A-B053-612E7F34C0BE}.Release|x86.ActiveCfg = Release|Win32
		{4C1E6C64-55B9-4F3A-B053-612E7F34C0BE}.Release|x86.Build.0 = Release|Win32
		{4C1E6C64-55B9-4F3A-B053-612E7F34C0BE}.ReleaseMinDependency|ARM.ActiveCfg = Release|x64
		{4C1E6C64-55B9-4F3A-B053-612E7F34C0BE}.ReleaseMinDependency|ARM.Build.0 = Release|x64
		{4C1E6C64-55B9-4F3A-B053-612E7F34C0BE}.ReleaseMinDependency|ARM64.ActiveCfg = Release|x64
		{4C1E6C64-55B9-4F3A-B053-612E7F34C0BE}.ReleaseMinDependency|ARM64.Build.0 = Release|x64
		{4C1E6C64-55B9-4F3A-B053-612E7F34C0BE}.ReleaseMinDependency|x64.ActiveCfg = Release|x64
		{4C1E6C64-55B9-4F3A-B053-612E7F34C0BE}.ReleaseMinDependency|x64.Build.0 = Release|x64
		{4C1E6C64-55B9-4F3A-B053-612E7F34C0BE}.ReleaseMinDependency|x86.ActiveCfg = Release|Win32
		{4C1E6C64-55B9-4F3A-B053-612E7F34C0BE}.ReleaseMinDependency|x86.Build.0 = Release|Win32
		{4C1E6C64-55B9-4F3A-B053-612E7F34C0BE}.RelWithDebInfo|ARM.ActiveCfg = Release|x64
		{4C1E6C64-55B9-4F3A-B053-612E7F34C0BE}.RelWithDebInfo|ARM.Build.0 = Release|x64
		{4C1E6C64-55B9-4F3A-B053-612E7F34C0BE}.RelWithDebInfo|ARM64.ActiveCfg = Release|x64
		{4C1E6C64-55B9-4F3A-B053-612E7F34C0BE}.RelWithDebInfo|ARM64.Build.0 = Release|x64
		{4C1E6C64-55B9-4F3A-B053-612E7F34C0BE}.RelWithDebInfo|x64.ActiveCfg = Release|x64
		{4C1E6C64-55B9-4F3A-B053-612E7F34C0BE}.RelWithDebInfo|x64.Build.0 = Release|x64
		{4C1E6C64-55B9-4F3A-B053-612E7F34C0BE}.RelWithDebInfo|x86.ActiveCfg = Release|Win32
		{4C1E6C64-55B9-4F3A-B053-612E7F34C0BE}.RelWithDebInfo|x86.Build.0 = Release|Win32
		{43D867A2-A3E5-43DD-B1BD-262930AB9956}.Debug|ARM.ActiveCfg = Debug|x64
		{43D867A2-A3E5-43DD-B1BD-262930AB9956}.Debug|ARM.Build.0 = Debug|x64
		{43D867A2-A3E5-43DD-B1BD-262930AB9956}.Debug|ARM64.ActiveCfg = Debug|x64
		{43D867A2-A3E5-43DD-B1BD-262930AB9956}.Debug|ARM64.Build.0 = Debug|x64
		{43D867A2-A3E5-43DD-B1BD-262930AB9956}.Debug|x64.ActiveCfg = Release|x64
		{43D867A2-A3E5-43DD-B1BD-262930AB9956}.Debug|x64.Build.0 = Release|x64
		{43D867A2-A3E5-43DD-B1BD-262930AB9956}.Debug|x86.ActiveCfg = Debug|Win32
		{43D867A2-A3E5-43DD-B1BD-262930AB9956}.Debug|x86.Build.0 = Debug|Win32
		{43D867A2-A3E5-43DD-B1BD-262930AB9956}.MinSizeRel|ARM.ActiveCfg = Release|x64
		{43D867A2-A3E5-43DD-B1BD-262930AB9956}.MinSizeRel|ARM.Build.0 = Release|x64
		{43D867A2-A3E5-43DD-B1BD-262930AB9956}.MinSizeRel|ARM64.ActiveCfg = Release|x64
		{43D867A2-A3E5-43DD-B1BD-262930AB9956}.MinSizeRel|ARM64.Build.0 = Release|x64
		{43D867A2-A3E5-43DD-B1BD-262930AB9956}.MinSizeRel|x64.ActiveCfg = Release|x64
		{43D867A2-A3E5-43DD-B1BD-262930AB9956}.MinSizeRel|x64.Build.0 = Release|x64
		{43D867A2-A3E5-43DD-B1BD-262930AB9956}.MinSizeRel|x86.ActiveCfg = Release|Win32
		{43D867A2-A3E5-43DD-B1BD-262930AB9956}.MinSizeRel|x86.Build.0 = Release|Win32
		{43D867A2-A3E5-43DD-B1BD-262930AB9956}.Release|ARM.ActiveCfg = Release|x64
		{43D867A2-A3E5-43DD-B1BD-262930AB9956}.Release|ARM.Build.0 = Release|x64
		{43D867A2-A3E5-43DD-B1BD-262930AB9956}.Release|ARM64.ActiveCfg = Release|x64
		{43D867A2-A3E5-43DD-B1BD-262930AB9956}.Release|ARM64.Build.0 = Release|x64
		{43D867A2-A3E5-43DD-B1BD-262930AB9956}.Release|x64.ActiveCfg = Release|x64
		{43D867A2-A3E5-43DD-B1BD-262930AB9956}.Release|x64.Build.0 = Release|x64
		{43D867A2-A3E5-43DD-B1BD-262930AB9956}.Release|x86.ActiveCfg = Release|Win32
		{43D867A2-A3E5-43DD-B1BD-262930AB9956}.Release|x86.Build.0 = Release|Win32
		{43D867A2-A3E5-43DD-B1BD-262930AB9956}.ReleaseMinDependency|ARM.ActiveCfg = Release|x64
		{43D867A2-A3E5-43DD-B1BD-262930AB9956}.ReleaseMinDependency|ARM.Build.0 = Release|x64
		{43D867A2-A3E5-43DD-B1BD-262930AB9956}.ReleaseMinDependency|ARM64.ActiveCfg = Release|x64
		{43D867A2-A3E5-43DD-B1BD-262930AB9956}.ReleaseMinDependency|ARM64.Build.0 = Release|x64
		{43D867A2-A3E5-43DD-B1BD-262930AB9956}.ReleaseMinDependency|x64.ActiveCfg = Release|x64
		{43D867A2-A3E5-43DD-B1BD-262930AB9956}.ReleaseMinDependency|x64.Build.0 = Release|x64
		{43D867A2-A3E5-43DD-B1BD-262930AB9956}.ReleaseMinDependency|x86.ActiveCfg = Release|Win32
		{43D867A2-A3E5-43DD-B1BD-262930AB9956}.ReleaseMinDependency|x86.Build.0 = Release|Win32
		{43D867A2-A3E5-43DD-B1BD-262930AB9956}.RelWithDebInfo|ARM.ActiveCfg = Release|x64
		{43D867A2-A3E5-43DD-B1BD-262930AB9956}.RelWithDebInfo|ARM.Build.0 = Release|x64
		{43D867A2-A3E5-43DD-B1BD-262930AB9956}.RelWithDebInfo|ARM64.ActiveCfg = Release|x64
		{43D867A2-A3E5-43DD-B1BD-262930AB9956}.RelWithDebInfo|ARM64.Build.0 = Release|x64
		{43D867A2-A3E5-43DD-B1BD-262930AB9956}.RelWithDebInfo|x64.ActiveCfg = Release|x64
		{43D867A2-A3E5-43DD-B1BD-262930AB9956}.RelWithDebInfo|x64.Build.0 = Release|x64
		{43D867A2-A3E5-43DD-B1BD-262930AB9956}.RelWithDebInfo|x86.ActiveCfg = Release|Win32
		{43D867A2-A3E5-43DD-B1BD-262930AB9956}.RelWithDebInfo|x86.Build.0 = Release|Win32
		{A25B8705-5642-32EF-9D95-46394C853B89}.Debug|ARM.ActiveCfg = Debug|x64
		{A25B8705-5642-32EF-9D95-46394C853B89}.Debug|ARM.Build.0 = Debug|x64
		{A25B8705-5642-32EF-9D95-46394C853B89}.Debug|ARM64.ActiveCfg = Debug|x64
		{A25B8705-5642-32EF-9D95-46394C853B89}.Debug|ARM64.Build.0 = Debug|x64
		{A25B8705-5642-32EF-9D95-46394C853B89}.Debug|x64.ActiveCfg = Release|x64
		{A25B8705-5642-32EF-9D95-46394C853B89}.Debug|x64.Build.0 = Release|x64
		{A25B8705-5642-32EF-9D95-46394C853B89}.Debug|x86.ActiveCfg = Debug|x64
		{A25B8705-5642-32EF-9D95-46394C853B89}.Debug|x86.Build.0 = Debug|x64
		{A25B8705-5642-32EF-9D95-46394C853B89}.MinSizeRel|ARM.ActiveCfg = MinSizeRel|x64
		{A25B8705-5642-32EF-9D95-46394C853B89}.MinSizeRel|ARM.Build.0 = MinSizeRel|x64
		{A25B8705-5642-32EF-9D95-46394C853B89}.MinSizeRel|ARM64.ActiveCfg = MinSizeRel|x64
		{A25B8705-5642-32EF-9D95-46394C853B89}.MinSizeRel|ARM64.Build.0 = MinSizeRel|x64
		{A25B8705-5642-32EF-9D95-46394C853B89}.MinSizeRel|x64.ActiveCfg = MinSizeRel|x64
		{A25B8705-5642-32EF-9D95-46394C853B89}.MinSizeRel|x64.Build.0 = MinSizeRel|x64
		{A25B8705-5642-32EF-9D95-46394C853B89}.MinSizeRel|x86.ActiveCfg = MinSizeRel|x64
		{A25B8705-5642-32EF-9D95-46394C853B89}.MinSizeRel|x86.Build.0 = MinSizeRel|x64
		{A25B8705-5642-32EF-9D95-46394C853B89}.Release|ARM.ActiveCfg = Release|x64
		{A25B8705-5642-32EF-9D95-46394C853B89}.Release|ARM.Build.0 = Release|x64
		{A25B8705-5642-32EF-9D95-46394C853B89}.Release|ARM64.ActiveCfg = Release|x64
		{A25B8705-5642-32EF-9D95-46394C853B89}.Release|ARM64.Build.0 = Release|x64
		{A25B8705-5642-32EF-9D95-46394C853B89}.Release|x64.ActiveCfg = Release|x64
		{A25B8705-5642-32EF-9D95-46394C853B89}.Release|x64.Build.0 = Release|x64
		{A25B8705-5642-32EF-9D95-46394C853B89}.Release|x86.ActiveCfg = Release|x64
		{A25B8705-5642-32EF-9D95-46394C853B89}.Release|x86.Build.0 = Release|x64
		{A25B8705-5642-32EF-9D95-46394C853B89}.ReleaseMinDependency|ARM.ActiveCfg = RelWithDebInfo|x64
		{A25B8705-5642-32EF-9D95-46394C853B89}.ReleaseMinDependency|ARM.Build.0 = RelWithDebInfo|x64
		{A25B8705-5642-32EF-9D95-46394C853B89}.ReleaseMinDependency|ARM64.ActiveCfg = RelWithDebInfo|x64
		{A25B8705-5642-32EF-9D95-46394C853B89}.ReleaseMinDependency|ARM64.Build.0 = RelWithDebInfo|x64
		{A25B8705-5642-32EF-9D95-46394C853B89}.ReleaseMinDependency|x64.ActiveCfg = RelWithDebInfo|x64
		{A25B8705-5642-32EF-9D95-46394C853B89}.ReleaseMinDependency|x64.Build.0 = RelWithDebInfo|x64
		{A25B8705-5642-32EF-9D95-46394C853B89}.ReleaseMinDependency|x86.ActiveCfg = RelWithDebInfo|x64
		{A25B8705-5642-32EF-9D95-46394C853B89}.ReleaseMinDependency|x86.Build.0 = RelWithDebInfo|x64
		{A25B8705-5642-32EF-9D95-46394C853B89}.RelWithDebInfo|ARM.ActiveCfg = RelWithDebInfo|x64
		{A25B8705-5642-32EF-9D95-46394C853B89}.RelWithDebInfo|ARM.Build.0 = RelWithDebInfo|x64
		{A25B8705-5642-32EF-9D95-46394C853B89}.RelWithDebInfo|ARM64.ActiveCfg = RelWithDebInfo|x64
		{A25B8705-5642-32EF-9D95-46394C853B89}.RelWithDebInfo|ARM64.Build.0 = RelWithDebInfo|x64
		{A25B8705-5642-32EF-9D95-46394C853B89}.RelWithDebInfo|x64.ActiveCfg = RelWithDebInfo|x64
		{A25B8705-5642-32EF-9D95-46394C853B89}.RelWithDebInfo|x64.Build.0 = RelWithDebInfo|x64
		{A25B8705-5642-32EF-9D95-46394C853B89}.RelWithDebInfo|x86.ActiveCfg = RelWithDebInfo|x64
		{A25B8705-5642-32EF-9D95-46394C853B89}.RelWithDebInfo|x86.Build.0 = RelWithDebInfo|x64
		{844526C0-D9DB-4FB7-A2A3-B1B357C97B2B}.Debug|ARM.ActiveCfg = Debug|x64
		{844526C0-D9DB-4FB7-A2A3-B1B357C97B2B}.Debug|ARM.Build.0 = Debug|x64
		{844526C0-D9DB-4FB7-A2A3-B1B357C97B2B}.Debug|ARM64.ActiveCfg = Debug|x64
		{844526C0-D9DB-4FB7-A2A3-B1B357C97B2B}.Debug|ARM64.Build.0 = Debug|x64
		{844526C0-D9DB-4FB7-A2A3-B1B357C97B2B}.Debug|x64.ActiveCfg = Release|x64
		{844526C0-D9DB-4FB7-A2A3-B1B357C97B2B}.Debug|x64.Build.0 = Release|x64
		{844526C0-D9DB-4FB7-A2A3-B1B357C97B2B}.Debug|x86.ActiveCfg = Debug|Win32
		{844526C0-D9DB-4FB7-A2A3-B1B357C97B2B}.Debug|x86.Build.0 = Debug|Win32
		{844526C0-D9DB-4FB7-A2A3-B1B357C97B2B}.MinSizeRel|ARM.ActiveCfg = Debug|x64
		{844526C0-D9DB-4FB7-A2A3-B1B357C97B2B}.MinSizeRel|ARM.Build.0 = Debug|x64
		{844526C0-D9DB-4FB7-A2A3-B1B357C97B2B}.MinSizeRel|ARM64.ActiveCfg = Debug|x64
		{844526C0-D9DB-4FB7-A2A3-B1B357C97B2B}.MinSizeRel|ARM64.Build.0 = Debug|x64
		{844526C0-D9DB-4FB7-A2A3-B1B357C97B2B}.MinSizeRel|x64.ActiveCfg = Debug|x64
		{844526C0-D9DB-4FB7-A2A3-B1B357C97B2B}.MinSizeRel|x64.Build.0 = Debug|x64
		{844526C0-D9DB-4FB7-A2A3-B1B357C97B2B}.MinSizeRel|x86.ActiveCfg = Debug|Win32
		{844526C0-D9DB-4FB7-A2A3-B1B357C97B2B}.MinSizeRel|x86.Build.0 = Debug|Win32
		{844526C0-D9DB-4FB7-A2A3-B1B357C97B2B}.Release|ARM.ActiveCfg = Release|x64
		{844526C0-D9DB-4FB7-A2A3-B1B357C97B2B}.Release|ARM.Build.0 = Release|x64
		{844526C0-D9DB-4FB7-A2A3-B1B357C97B2B}.Release|ARM64.ActiveCfg = Release|x64
		{844526C0-D9DB-4FB7-A2A3-B1B357C97B2B}.Release|ARM64.Build.0 = Release|x64
		{844526C0-D9DB-4FB7-A2A3-B1B357C97B2B}.Release|x64.ActiveCfg = Release|x64
		{844526C0-D9DB-4FB7-A2A3-B1B357C97B2B}.Release|x64.Build.0 = Release|x64
		{844526C0-D9DB-4FB7-A2A3-B1B357C97B2B}.Release|x86.ActiveCfg = Release|Win32
		{844526C0-D9DB-4FB7-A2A3-B1B357C97B2B}.Release|x86.Build.0 = Release|Win32
		{844526C0-D9DB-4FB7-A2A3-B1B357C97B2B}.ReleaseMinDependency|ARM.ActiveCfg = Release|x64
		{844526C0-D9DB-4FB7-A2A3-B1B357C97B2B}.ReleaseMinDependency|ARM.Build.0 = Release|x64
		{844526C0-D9DB-4FB7-A2A3-B1B357C97B2B}.ReleaseMinDependency|ARM64.ActiveCfg = Release|x64
		{844526C0-D9DB-4FB7-A2A3-B1B357C97B2B}.ReleaseMinDependency|ARM64.Build.0 = Release|x64
		{844526C0-D9DB-4FB7-A2A3-B1B357C97B2B}.ReleaseMinDependency|x64.ActiveCfg = Release|x64
		{844526C0-D9DB-4FB7-A2A3-B1B357C97B2B}.ReleaseMinDependency|x64.Build.0 = Release|x64
		{844526C0-D9DB-4FB7-A2A3-B1B357C97B2B}.ReleaseMinDependency|x86.ActiveCfg = Release|Win32
		{844526C0-D9DB-4FB7-A2A3-B1B357C97B2B}.ReleaseMinDependency|x86.Build.0 = Release|Win32
		{844526C0-D9DB-4FB7-A2A3-B1B357C97B2B}.RelWithDebInfo|ARM.ActiveCfg = Release|x64
		{844526C0-D9DB-4FB7-A2A3-B1B357C97B2B}.RelWithDebInfo|ARM.Build.0 = Release|x64
		{844526C0-D9DB-4FB7-A2A3-B1B357C97B2B}.RelWithDebInfo|ARM64.ActiveCfg = Release|x64
		{844526C0-D9DB-4FB7-A2A3-B1B357C97B2B}.RelWithDebInfo|ARM64.Build.0 = Release|x64
		{844526C0-D9DB-4FB7-A2A3-B1B357C97B2B}.RelWithDebInfo|x64.ActiveCfg = Release|x64
		{844526C0-D9DB-4FB7-A2A3-B1B357C97B2B}.RelWithDebInfo|x64.Build.0 = Release|x64
		{844526C0-D9DB-4FB7-A2A3-B1B357C97B2B}.RelWithDebInfo|x86.ActiveCfg = Release|Win32
		{844526C0-D9DB-4FB7-A2A3-B1B357C97B2B}.RelWithDebInfo|x86.Build.0 = Release|Win32
	EndGlobalSection
	GlobalSection(SolutionProperties) = preSolution
		HideSolutionNode = FALSE
	EndGlobalSection
	GlobalSection(ExtensibilityGlobals) = postSolution
		SolutionGuid = {F12FC79B-81C1-4419-AD5C-463F6B8C9A70}
	EndGlobalSection
EndGlobal
